
Microsoft Visual Studio Solution File, Format Version 12.00
# Visual Studio Version 17
VisualStudioVersion = 17.10.35122.118
MinimumVisualStudioVersion = 10.0.40219.1
Project("{9A19103F-16F7-4668-BE54-9A1E7A4F7556}") = "SoftwarePirates.Web", "SoftwarePirates.Web\SoftwarePirates.Web\SoftwarePirates.Web.csproj", "{BB6CD0A2-C38D-48D9-8109-3EFF5EDB6D1D}"
EndProject
Project("{9A19103F-16F7-4668-BE54-9A1E7A4F7556}") = "SoftwarePirates.Web.Client", "SoftwarePirates.Web\SoftwarePirates.Web.Client\SoftwarePirates.Web.Client.csproj", "{D8B6AA79-B21C-4807-9E15-C3B3796611DF}"
EndProject
Project("{9A19103F-16F7-4668-BE54-9A1E7A4F7556}") = "SoftwarePirates", "SoftwarePirates\SoftwarePirates.csproj", "{5DFBACD6-E8EB-4312-B2A7-1E50536DA6C5}"
EndProject
Project("{9A19103F-16F7-4668-BE54-9A1E7A4F7556}") = "SoftwarePirates.Domain", "SoftwarePirates.Domain\SoftwarePirates.Domain.csproj", "{C1DCAC36-45B5-4AAA-8F7C-BAF7BF80AE90}"
EndProject
Project("{9A19103F-16F7-4668-BE54-9A1E7A4F7556}") = "SoftwarePirates.Domain.TestProject1", "TestProjects\SoftwarePirates.Domain.TestProject1\SoftwarePirates.Domain.TestProject1.csproj", "{EBDC6505-E02B-41C7-A4EB-7CAAA755B71F}"
EndProject
Project("{9A19103F-16F7-4668-BE54-9A1E7A4F7556}") = "SoftwarePirates.Alerts", "SoftwarePirates.Alerts\SoftwarePirates.Alerts.csproj", "{E4FD337D-3AB6-4BD4-8547-E45CA03E2636}"
EndProject
Project("{9A19103F-16F7-4668-BE54-9A1E7A4F7556}") = "SoftwarePirates.Transfer", "SoftwarePirates.Transfer\SoftwarePirates.Transfer.csproj", "{22843D74-0251-4BB9-99D8-3DB8921AA1D1}"
EndProject
Project("{FAE04EC0-301F-11D3-BF4B-00C04F79EFBC}") = "SoftwarePirates.Models", "SoftwarePirates.Models\SoftwarePirates.Models.csproj", "{3F59A7B8-C76C-43AA-82E5-2A8D2B1D36C4}"
EndProject
Global
	GlobalSection(SolutionConfigurationPlatforms) = preSolution
		Debug|Any CPU = Debug|Any CPU
		Release|Any CPU = Release|Any CPU
	EndGlobalSection
	GlobalSection(ProjectConfigurationPlatforms) = postSolution
		{BB6CD0A2-C38D-48D9-8109-3EFF5EDB6D1D}.Debug|Any CPU.ActiveCfg = Debug|Any CPU
		{BB6CD0A2-C38D-48D9-8109-3EFF5EDB6D1D}.Debug|Any CPU.Build.0 = Debug|Any CPU
		{BB6CD0A2-C38D-48D9-8109-3EFF5EDB6D1D}.Release|Any CPU.ActiveCfg = Release|Any CPU
		{BB6CD0A2-C38D-48D9-8109-3EFF5EDB6D1D}.Release|Any CPU.Build.0 = Release|Any CPU
		{D8B6AA79-B21C-4807-9E15-C3B3796611DF}.Debug|Any CPU.ActiveCfg = Debug|Any CPU
		{D8B6AA79-B21C-4807-9E15-C3B3796611DF}.Debug|Any CPU.Build.0 = Debug|Any CPU
		{D8B6AA79-B21C-4807-9E15-C3B3796611DF}.Release|Any CPU.ActiveCfg = Release|Any CPU
		{D8B6AA79-B21C-4807-9E15-C3B3796611DF}.Release|Any CPU.Build.0 = Release|Any CPU
		{5DFBACD6-E8EB-4312-B2A7-1E50536DA6C5}.Debug|Any CPU.ActiveCfg = Debug|Any CPU
		{5DFBACD6-E8EB-4312-B2A7-1E50536DA6C5}.Debug|Any CPU.Build.0 = Debug|Any CPU
		{5DFBACD6-E8EB-4312-B2A7-1E50536DA6C5}.Release|Any CPU.ActiveCfg = Release|Any CPU
		{5DFBACD6-E8EB-4312-B2A7-1E50536DA6C5}.Release|Any CPU.Build.0 = Release|Any CPU
		{C1DCAC36-45B5-4AAA-8F7C-BAF7BF80AE90}.Debug|Any CPU.ActiveCfg = Debug|Any CPU
		{C1DCAC36-45B5-4AAA-8F7C-BAF7BF80AE90}.Debug|Any CPU.Build.0 = Debug|Any CPU
		{C1DCAC36-45B5-4AAA-8F7C-BAF7BF80AE90}.Release|Any CPU.ActiveCfg = Release|Any CPU
		{C1DCAC36-45B5-4AAA-8F7C-BAF7BF80AE90}.Release|Any CPU.Build.0 = Release|Any CPU
		{EBDC6505-E02B-41C7-A4EB-7CAAA755B71F}.Debug|Any CPU.ActiveCfg = Debug|Any CPU
		{EBDC6505-E02B-41C7-A4EB-7CAAA755B71F}.Debug|Any CPU.Build.0 = Debug|Any CPU
		{EBDC6505-E02B-41C7-A4EB-7CAAA755B71F}.Release|Any CPU.ActiveCfg = Release|Any CPU
		{EBDC6505-E02B-41C7-A4EB-7CAAA755B71F}.Release|Any CPU.Build.0 = Release|Any CPU
		{E4FD337D-3AB6-4BD4-8547-E45CA03E2636}.Debug|Any CPU.ActiveCfg = Debug|Any CPU
		{E4FD337D-3AB6-4BD4-8547-E45CA03E2636}.Debug|Any CPU.Build.0 = Debug|Any CPU
		{E4FD337D-3AB6-4BD4-8547-E45CA03E2636}.Release|Any CPU.ActiveCfg = Release|Any CPU
		{E4FD337D-3AB6-4BD4-8547-E45CA03E2636}.Release|Any CPU.Build.0 = Release|Any CPU
		{22843D74-0251-4BB9-99D8-3DB8921AA1D1}.Debug|Any CPU.ActiveCfg = Debug|Any CPU
		{22843D74-0251-4BB9-99D8-3DB8921AA1D1}.Debug|Any CPU.Build.0 = Debug|Any CPU
		{22843D74-0251-4BB9-99D8-3DB8921AA1D1}.Release|Any CPU.ActiveCfg = Release|Any CPU
		{22843D74-0251-4BB9-99D8-3DB8921AA1D1}.Release|Any CPU.Build.0 = Release|Any CPU
		{3F59A7B8-C76C-43AA-82E5-2A8D2B1D36C4}.Debug|Any CPU.ActiveCfg = Debug|Any CPU
		{3F59A7B8-C76C-43AA-82E5-2A8D2B1D36C4}.Debug|Any CPU.Build.0 = Debug|Any CPU
		{3F59A7B8-C76C-43AA-82E5-2A8D2B1D36C4}.Release|Any CPU.ActiveCfg = Release|Any CPU
		{3F59A7B8-C76C-43AA-82E5-2A8D2B1D36C4}.Release|Any CPU.Build.0 = Release|Any CPU
	EndGlobalSection
	GlobalSection(SolutionProperties) = preSolution
		HideSolutionNode = FALSE
	EndGlobalSection
	GlobalSection(ExtensibilityGlobals) = postSolution
		SolutionGuid = {96CCBDBF-3EF0-4A6F-A505-EADB4F1C203D}
	EndGlobalSection
EndGlobal
